
Microsoft Visual Studio Solution File, Format Version 12.00
# Visual Studio Version 17
VisualStudioVersion = 17.2.32630.192
MinimumVisualStudioVersion = 10.0.40219.1
Project("{FAE04EC0-301F-11D3-BF4B-00C04F79EFBC}") = "Flappy Bird", "Flappy Bird\Flappy Bird.csproj", "{57BE1D42-9245-4746-B878-AE09CE1BBA6A}"
EndProject
Global
	GlobalSection(SolutionConfigurationPlatforms) = preSolution
		Debug|Any CPU = Debug|Any CPU
		Release|Any CPU = Release|Any CPU
	EndGlobalSection
	GlobalSection(ProjectConfigurationPlatforms) = postSolution
		{57BE1D42-9245-4746-B878-AE09CE1BBA6A}.Debug|Any CPU.ActiveCfg = Debug|Any CPU
		{57BE1D42-9245-4746-B878-AE09CE1BBA6A}.Debug|Any CPU.Build.0 = Debug|Any CPU
		{57BE1D42-9245-4746-B878-AE09CE1BBA6A}.Release|Any CPU.ActiveCfg = Release|Any CPU
		{57BE1D42-9245-4746-B878-AE09CE1BBA6A}.Release|Any CPU.Build.0 = Release|Any CPU
	EndGlobalSection
	GlobalSection(SolutionProperties) = preSolution
		HideSolutionNode = FALSE
	EndGlobalSection
	GlobalSection(ExtensibilityGlobals) = postSolution
		SolutionGuid = {777F54D1-2D14-4B5A-9E9D-182E1DC761B8}
	EndGlobalSection
EndGlobal
